
Microsoft Visual Studio Solution File, Format Version 12.00
# Visual Studio Version 17
VisualStudioVersion = 17.12.35707.178
MinimumVisualStudioVersion = 10.0.40219.1
Project("{FAE04EC0-301F-11D3-BF4B-00C04F79EFBC}") = "IntegrationTestProject", "IntegrationTestProject\IntegrationTestProject.csproj", "{193CE915-6DA4-44BE-AAA6-FF6F37FA7EA6}"
EndProject
Project("{FAE04EC0-301F-11D3-BF4B-00C04F79EFBC}") = "RoomBookingApp.Core", "RoomBookingApp.Core\RoomBookingApp.Core.csproj", "{11D76FFC-51E0-4031-95F0-7E474C5262F0}"
EndProject
Project("{FAE04EC0-301F-11D3-BF4B-00C04F79EFBC}") = "RoomBookingApp.Domain", "RoomBookingApp.Domain\RoomBookingApp.Domain.csproj", "{5592B14C-4A8B-43C9-AB6B-23516C40FA50}"
EndProject
Project("{FAE04EC0-301F-11D3-BF4B-00C04F79EFBC}") = "RoomBookingApp.Persistence", "RoomBookingApp.Persistence\RoomBookingApp.Persistence.csproj", "{ABCE9AEE-8C31-4135-A84A-0317729C781B}"
EndProject
Project("{FAE04EC0-301F-11D3-BF4B-00C04F79EFBC}") = "RoomBookingTestProject.App", "IntegrationTestProject.App\RoomBookingTestProject.App.csproj", "{8110E94D-8B1C-448F-8D8D-7BFDD68064D2}"
EndProject
Project("{FAE04EC0-301F-11D3-BF4B-00C04F79EFBC}") = "ApiTestProject", "ApiTestProject\ApiTestProject.csproj", "{E8317F51-A096-4625-82B9-F8371019E908}"
EndProject
Global
	GlobalSection(SolutionConfigurationPlatforms) = preSolution
		Debug|Any CPU = Debug|Any CPU
		Release|Any CPU = Release|Any CPU
	EndGlobalSection
	GlobalSection(ProjectConfigurationPlatforms) = postSolution
		{193CE915-6DA4-44BE-AAA6-FF6F37FA7EA6}.Debug|Any CPU.ActiveCfg = Debug|Any CPU
		{193CE915-6DA4-44BE-AAA6-FF6F37FA7EA6}.Debug|Any CPU.Build.0 = Debug|Any CPU
		{193CE915-6DA4-44BE-AAA6-FF6F37FA7EA6}.Release|Any CPU.ActiveCfg = Release|Any CPU
		{193CE915-6DA4-44BE-AAA6-FF6F37FA7EA6}.Release|Any CPU.Build.0 = Release|Any CPU
		{11D76FFC-51E0-4031-95F0-7E474C5262F0}.Debug|Any CPU.ActiveCfg = Debug|Any CPU
		{11D76FFC-51E0-4031-95F0-7E474C5262F0}.Debug|Any CPU.Build.0 = Debug|Any CPU
		{11D76FFC-51E0-4031-95F0-7E474C5262F0}.Release|Any CPU.ActiveCfg = Release|Any CPU
		{11D76FFC-51E0-4031-95F0-7E474C5262F0}.Release|Any CPU.Build.0 = Release|Any CPU
		{5592B14C-4A8B-43C9-AB6B-23516C40FA50}.Debug|Any CPU.ActiveCfg = Debug|Any CPU
		{5592B14C-4A8B-43C9-AB6B-23516C40FA50}.Debug|Any CPU.Build.0 = Debug|Any CPU
		{5592B14C-4A8B-43C9-AB6B-23516C40FA50}.Release|Any CPU.ActiveCfg = Release|Any CPU
		{5592B14C-4A8B-43C9-AB6B-23516C40FA50}.Release|Any CPU.Build.0 = Release|Any CPU
		{ABCE9AEE-8C31-4135-A84A-0317729C781B}.Debug|Any CPU.ActiveCfg = Debug|Any CPU
		{ABCE9AEE-8C31-4135-A84A-0317729C781B}.Debug|Any CPU.Build.0 = Debug|Any CPU
		{ABCE9AEE-8C31-4135-A84A-0317729C781B}.Release|Any CPU.ActiveCfg = Release|Any CPU
		{ABCE9AEE-8C31-4135-A84A-0317729C781B}.Release|Any CPU.Build.0 = Release|Any CPU
		{8110E94D-8B1C-448F-8D8D-7BFDD68064D2}.Debug|Any CPU.ActiveCfg = Debug|Any CPU
		{8110E94D-8B1C-448F-8D8D-7BFDD68064D2}.Debug|Any CPU.Build.0 = Debug|Any CPU
		{8110E94D-8B1C-448F-8D8D-7BFDD68064D2}.Release|Any CPU.ActiveCfg = Release|Any CPU
		{8110E94D-8B1C-448F-8D8D-7BFDD68064D2}.Release|Any CPU.Build.0 = Release|Any CPU
		{E8317F51-A096-4625-82B9-F8371019E908}.Debug|Any CPU.ActiveCfg = Debug|Any CPU
		{E8317F51-A096-4625-82B9-F8371019E908}.Debug|Any CPU.Build.0 = Debug|Any CPU
		{E8317F51-A096-4625-82B9-F8371019E908}.Release|Any CPU.ActiveCfg = Release|Any CPU
		{E8317F51-A096-4625-82B9-F8371019E908}.Release|Any CPU.Build.0 = Release|Any CPU
	EndGlobalSection
	GlobalSection(SolutionProperties) = preSolution
		HideSolutionNode = FALSE
	EndGlobalSection
EndGlobal
